
Microsoft Visual Studio Solution File, Format Version 12.00
# Visual Studio Version 17
VisualStudioVersion = 17.1.31911.260
MinimumVisualStudioVersion = 10.0.40219.1
Project("{2150E333-8FDC-42A3-9474-1A3956D46DE8}") = "tools", "tools", "{C5911799-6F6D-4CDA-B2AB-EEFD9D54A473}"
	ProjectSection(SolutionItems) = preProject
		app-info.json = app-info.json
		Directory.Build.props = Directory.Build.props
		NuGet.Config = NuGet.Config
		readme.md = readme.md
	EndProjectSection
EndProject
Project("{9A19103F-16F7-4668-BE54-9A1E7A4F7556}") = "Movies.Server.APIS", "Movies.Server.APIS\Movies.Server.APIS.csproj", "{823A8BF6-1310-4B1A-96B5-4F1E0B8F43F8}"
EndProject
Project("{2150E333-8FDC-42A3-9474-1A3956D46DE8}") = "MyStuff", "MyStuff", "{614328F0-0997-4167-A212-FBD1DE564D10}"
EndProject
Project("{9A19103F-16F7-4668-BE54-9A1E7A4F7556}") = "Movies.CentralCore", "Movies.CentralCore\Movies.CentralCore.csproj", "{FFB4E581-E39B-4EB4-A6C8-8CA045D20A1E}"
EndProject
Project("{9A19103F-16F7-4668-BE54-9A1E7A4F7556}") = "Movies.Entities.Core", "Movies.Entities.Core\Movies.Entities.Core.csproj", "{FC171456-C1BE-405E-BAA2-DD50D132DA8C}"
EndProject
Project("{9A19103F-16F7-4668-BE54-9A1E7A4F7556}") = "Movies.Entities.Movie", "Movies.Entities.Movie\Movies.Entities.Movie.csproj", "{2707FD59-DF63-4219-A2AA-F1032120B95F}"
EndProject
Project("{FAE04EC0-301F-11D3-BF4B-00C04F79EFBC}") = "TechDemo.MoviesDb.Core", "TechDemo.MoviesDb.Core\TechDemo.MoviesDb.Core.csproj", "{7FE59739-E41B-45F1-B2A4-E4CE089799B5}"
EndProject
Project("{FAE04EC0-301F-11D3-BF4B-00C04F79EFBC}") = "TechDemo.MoviesDb.Movies", "TechDemo.MoviesDb.Movies\TechDemo.MoviesDb.Movies.csproj", "{FDF662CB-565E-4E69-AEE2-8A43DAD60945}"
EndProject
Project("{9A19103F-16F7-4668-BE54-9A1E7A4F7556}") = "TechDemo.MoviesDb.EntityFrameworkCore", "TechDemo.MoviesDb.EntityFrameworkCore\TechDemo.MoviesDb.EntityFrameworkCore.csproj", "{EC8ABBA2-DE57-47A5-A8B9-2887F38DE268}"
EndProject
Project("{FAE04EC0-301F-11D3-BF4B-00C04F79EFBC}") = "TechDemo.MoviesDb.API", "TechDemo.MoviesDb.API\TechDemo.MoviesDb.API.csproj", "{15BD2C0D-28BF-4CC6-BACC-CA5D41F89399}"
EndProject
Project("{FAE04EC0-301F-11D3-BF4B-00C04F79EFBC}") = "TechDemo.MoviesDb.Caching.Memory", "TechDemo.MoviesDb.Caching.Memory\TechDemo.MoviesDb.Caching.Memory.csproj", "{51C7301F-FC3C-453E-9A88-8DB11DCAA765}"
EndProject
Global
	GlobalSection(SolutionConfigurationPlatforms) = preSolution
		Debug|Any CPU = Debug|Any CPU
		Release|Any CPU = Release|Any CPU
	EndGlobalSection
	GlobalSection(ProjectConfigurationPlatforms) = postSolution
		{823A8BF6-1310-4B1A-96B5-4F1E0B8F43F8}.Debug|Any CPU.ActiveCfg = Debug|Any CPU
		{823A8BF6-1310-4B1A-96B5-4F1E0B8F43F8}.Debug|Any CPU.Build.0 = Debug|Any CPU
		{823A8BF6-1310-4B1A-96B5-4F1E0B8F43F8}.Release|Any CPU.ActiveCfg = Release|Any CPU
		{823A8BF6-1310-4B1A-96B5-4F1E0B8F43F8}.Release|Any CPU.Build.0 = Release|Any CPU
		{FFB4E581-E39B-4EB4-A6C8-8CA045D20A1E}.Debug|Any CPU.ActiveCfg = Debug|Any CPU
		{FFB4E581-E39B-4EB4-A6C8-8CA045D20A1E}.Debug|Any CPU.Build.0 = Debug|Any CPU
		{FFB4E581-E39B-4EB4-A6C8-8CA045D20A1E}.Release|Any CPU.ActiveCfg = Release|Any CPU
		{FFB4E581-E39B-4EB4-A6C8-8CA045D20A1E}.Release|Any CPU.Build.0 = Release|Any CPU
		{FC171456-C1BE-405E-BAA2-DD50D132DA8C}.Debug|Any CPU.ActiveCfg = Debug|Any CPU
		{FC171456-C1BE-405E-BAA2-DD50D132DA8C}.Debug|Any CPU.Build.0 = Debug|Any CPU
		{FC171456-C1BE-405E-BAA2-DD50D132DA8C}.Release|Any CPU.ActiveCfg = Release|Any CPU
		{FC171456-C1BE-405E-BAA2-DD50D132DA8C}.Release|Any CPU.Build.0 = Release|Any CPU
		{2707FD59-DF63-4219-A2AA-F1032120B95F}.Debug|Any CPU.ActiveCfg = Debug|Any CPU
		{2707FD59-DF63-4219-A2AA-F1032120B95F}.Debug|Any CPU.Build.0 = Debug|Any CPU
		{2707FD59-DF63-4219-A2AA-F1032120B95F}.Release|Any CPU.ActiveCfg = Release|Any CPU
		{2707FD59-DF63-4219-A2AA-F1032120B95F}.Release|Any CPU.Build.0 = Release|Any CPU
		{7FE59739-E41B-45F1-B2A4-E4CE089799B5}.Debug|Any CPU.ActiveCfg = Debug|Any CPU
		{7FE59739-E41B-45F1-B2A4-E4CE089799B5}.Debug|Any CPU.Build.0 = Debug|Any CPU
		{7FE59739-E41B-45F1-B2A4-E4CE089799B5}.Release|Any CPU.ActiveCfg = Release|Any CPU
		{7FE59739-E41B-45F1-B2A4-E4CE089799B5}.Release|Any CPU.Build.0 = Release|Any CPU
		{FDF662CB-565E-4E69-AEE2-8A43DAD60945}.Debug|Any CPU.ActiveCfg = Debug|Any CPU
		{FDF662CB-565E-4E69-AEE2-8A43DAD60945}.Debug|Any CPU.Build.0 = Debug|Any CPU
		{FDF662CB-565E-4E69-AEE2-8A43DAD60945}.Release|Any CPU.ActiveCfg = Release|Any CPU
		{FDF662CB-565E-4E69-AEE2-8A43DAD60945}.Release|Any CPU.Build.0 = Release|Any CPU
		{EC8ABBA2-DE57-47A5-A8B9-2887F38DE268}.Debug|Any CPU.ActiveCfg = Debug|Any CPU
		{EC8ABBA2-DE57-47A5-A8B9-2887F38DE268}.Debug|Any CPU.Build.0 = Debug|Any CPU
		{EC8ABBA2-DE57-47A5-A8B9-2887F38DE268}.Release|Any CPU.ActiveCfg = Release|Any CPU
		{EC8ABBA2-DE57-47A5-A8B9-2887F38DE268}.Release|Any CPU.Build.0 = Release|Any CPU
		{15BD2C0D-28BF-4CC6-BACC-CA5D41F89399}.Debug|Any CPU.ActiveCfg = Debug|Any CPU
		{15BD2C0D-28BF-4CC6-BACC-CA5D41F89399}.Debug|Any CPU.Build.0 = Debug|Any CPU
		{15BD2C0D-28BF-4CC6-BACC-CA5D41F89399}.Release|Any CPU.ActiveCfg = Release|Any CPU
		{15BD2C0D-28BF-4CC6-BACC-CA5D41F89399}.Release|Any CPU.Build.0 = Release|Any CPU
		{51C7301F-FC3C-453E-9A88-8DB11DCAA765}.Debug|Any CPU.ActiveCfg = Debug|Any CPU
		{51C7301F-FC3C-453E-9A88-8DB11DCAA765}.Debug|Any CPU.Build.0 = Debug|Any CPU
		{51C7301F-FC3C-453E-9A88-8DB11DCAA765}.Release|Any CPU.ActiveCfg = Release|Any CPU
		{51C7301F-FC3C-453E-9A88-8DB11DCAA765}.Release|Any CPU.Build.0 = Release|Any CPU
	EndGlobalSection
	GlobalSection(SolutionProperties) = preSolution
		HideSolutionNode = FALSE
	EndGlobalSection
	GlobalSection(NestedProjects) = preSolution
		{823A8BF6-1310-4B1A-96B5-4F1E0B8F43F8} = {614328F0-0997-4167-A212-FBD1DE564D10}
		{FFB4E581-E39B-4EB4-A6C8-8CA045D20A1E} = {614328F0-0997-4167-A212-FBD1DE564D10}
		{FC171456-C1BE-405E-BAA2-DD50D132DA8C} = {614328F0-0997-4167-A212-FBD1DE564D10}
		{2707FD59-DF63-4219-A2AA-F1032120B95F} = {614328F0-0997-4167-A212-FBD1DE564D10}
		{7FE59739-E41B-45F1-B2A4-E4CE089799B5} = {614328F0-0997-4167-A212-FBD1DE564D10}
		{FDF662CB-565E-4E69-AEE2-8A43DAD60945} = {614328F0-0997-4167-A212-FBD1DE564D10}
		{EC8ABBA2-DE57-47A5-A8B9-2887F38DE268} = {614328F0-0997-4167-A212-FBD1DE564D10}
		{15BD2C0D-28BF-4CC6-BACC-CA5D41F89399} = {614328F0-0997-4167-A212-FBD1DE564D10}
		{51C7301F-FC3C-453E-9A88-8DB11DCAA765} = {614328F0-0997-4167-A212-FBD1DE564D10}
	EndGlobalSection
	GlobalSection(ExtensibilityGlobals) = postSolution
		SolutionGuid = {C8D162F0-CA39-495D-9796-16A8004BB075}
	EndGlobalSection
EndGlobal
